
Microsoft Visual Studio Solution File, Format Version 12.00
# Visual Studio Version 16
VisualStudioVersion = 16.0.29411.108
MinimumVisualStudioVersion = 10.0.40219.1
Project("{FAE04EC0-301F-11D3-BF4B-00C04F79EFBC}") = "nextgen-call-tracking-system.web", "nextgen-call-tracking-system.web\nextgen-call-tracking-system.web.csproj", "{4B732390-209F-4B95-BE2C-D3E844A6464B}"
EndProject
Project("{FAE04EC0-301F-11D3-BF4B-00C04F79EFBC}") = "nextgen-call-tracking-system.DAL", "nextgen-call-tracking-system.DAL\nextgen-call-tracking-system.DAL.csproj", "{B71BAA5E-C457-48E5-B097-CD1DAE762773}"
EndProject
Project("{FAE04EC0-301F-11D3-BF4B-00C04F79EFBC}") = "nextgen-call-tracking-system.Models", "nextgen-call-tracking-system.Models\nextgen-call-tracking-system.Models.csproj", "{532E9150-D352-48ED-8151-9287381A1509}"
EndProject
Project("{FAE04EC0-301F-11D3-BF4B-00C04F79EFBC}") = "nextgen-call-tracking-system.Service", "nextgen-call-tracking-system.Service\nextgen-call-tracking-system.Service.csproj", "{CBC94357-282E-4378-8B5E-69C8BC26E35F}"
EndProject
Project("{FAE04EC0-301F-11D3-BF4B-00C04F79EFBC}") = "nextgen-call-tracking-system.Tests", "nextgen-call-tracking-system.Tests\nextgen-call-tracking-system.Tests.csproj", "{4BAA9948-96BF-47B1-9D42-A96E41650F5E}"
EndProject
Global
	GlobalSection(SolutionConfigurationPlatforms) = preSolution
		Debug|Any CPU = Debug|Any CPU
		Release|Any CPU = Release|Any CPU
	EndGlobalSection
	GlobalSection(ProjectConfigurationPlatforms) = postSolution
		{4B732390-209F-4B95-BE2C-D3E844A6464B}.Debug|Any CPU.ActiveCfg = Debug|Any CPU
		{4B732390-209F-4B95-BE2C-D3E844A6464B}.Debug|Any CPU.Build.0 = Debug|Any CPU
		{4B732390-209F-4B95-BE2C-D3E844A6464B}.Release|Any CPU.ActiveCfg = Release|Any CPU
		{4B732390-209F-4B95-BE2C-D3E844A6464B}.Release|Any CPU.Build.0 = Release|Any CPU
		{B71BAA5E-C457-48E5-B097-CD1DAE762773}.Debug|Any CPU.ActiveCfg = Debug|Any CPU
		{B71BAA5E-C457-48E5-B097-CD1DAE762773}.Debug|Any CPU.Build.0 = Debug|Any CPU
		{B71BAA5E-C457-48E5-B097-CD1DAE762773}.Release|Any CPU.ActiveCfg = Release|Any CPU
		{B71BAA5E-C457-48E5-B097-CD1DAE762773}.Release|Any CPU.Build.0 = Release|Any CPU
		{532E9150-D352-48ED-8151-9287381A1509}.Debug|Any CPU.ActiveCfg = Debug|Any CPU
		{532E9150-D352-48ED-8151-9287381A1509}.Debug|Any CPU.Build.0 = Debug|Any CPU
		{532E9150-D352-48ED-8151-9287381A1509}.Release|Any CPU.ActiveCfg = Release|Any CPU
		{532E9150-D352-48ED-8151-9287381A1509}.Release|Any CPU.Build.0 = Release|Any CPU
		{CBC94357-282E-4378-8B5E-69C8BC26E35F}.Debug|Any CPU.ActiveCfg = Debug|Any CPU
		{CBC94357-282E-4378-8B5E-69C8BC26E35F}.Debug|Any CPU.Build.0 = Debug|Any CPU
		{CBC94357-282E-4378-8B5E-69C8BC26E35F}.Release|Any CPU.ActiveCfg = Release|Any CPU
		{CBC94357-282E-4378-8B5E-69C8BC26E35F}.Release|Any CPU.Build.0 = Release|Any CPU
		{4BAA9948-96BF-47B1-9D42-A96E41650F5E}.Debug|Any CPU.ActiveCfg = Debug|Any CPU
		{4BAA9948-96BF-47B1-9D42-A96E41650F5E}.Debug|Any CPU.Build.0 = Debug|Any CPU
		{4BAA9948-96BF-47B1-9D42-A96E41650F5E}.Release|Any CPU.ActiveCfg = Release|Any CPU
		{4BAA9948-96BF-47B1-9D42-A96E41650F5E}.Release|Any CPU.Build.0 = Release|Any CPU
	EndGlobalSection
	GlobalSection(SolutionProperties) = preSolution
		HideSolutionNode = FALSE
	EndGlobalSection
	GlobalSection(ExtensibilityGlobals) = postSolution
		SolutionGuid = {36DCE670-C87D-4DA6-AAFD-1A676F2E1821}
	EndGlobalSection
EndGlobal
